{
  "requires": true,
  "lockfileVersion": 1,
  "dependencies": {
    "ngx-refai": {
      "version": "0.0.1",
      "resolved": "https://registry.npmjs.org/ngx-refai/-/ngx-refai-0.0.1.tgz",
      "integrity": "sha512-Z00dbMtMlKlZH0/6nLbAawMOvhWLTZYv3AUJAoAORGngYPkyjcUAlAzRdILi4j5ptTTJ824f954KMXX/CRU/Ag==",
      "requires": {
        "tslib": "^1.9.0"
      }
    },
    "tslib": {
      "version": "1.10.0",
      "resolved": "https://registry.npmjs.org/tslib/-/tslib-1.10.0.tgz",
      "integrity": "sha512-qOebF53frne81cf0S9B41ByenJ3/IuH8yJKngAX35CmiZySA0khhkovshKK+jGCaMnVomla7gVlIcc3EvKPbTQ=="
    }
  }
}
